// !$*UTF8*$!
{
	archiveVersion = 1;
	classes = {
	};
	objectVersion = 46;
	objects = {

/* Begin PBXBuildFile section */
		78A3FC9418BC736600C25442 /* Foundation.framework in Frameworks */ = {isa = PBXBuildFile; fileRef = 78A3FC9318BC736600C25442 /* Foundation.framework */; };
		78A3FC9618BC736600C25442 /* CoreGraphics.framework in Frameworks */ = {isa = PBXBuildFile; fileRef = 78A3FC9518BC736600C25442 /* CoreGraphics.framework */; };
		78A3FC9818BC736600C25442 /* UIKit.framework in Frameworks */ = {isa = PBXBuildFile; fileRef = 78A3FC9718BC736600C25442 /* UIKit.framework */; };
		78A3FC9E18BC736600C25442 /* InfoPlist.strings in Resources */ = {isa = PBXBuildFile; fileRef = 78A3FC9C18BC736600C25442 /* InfoPlist.strings */; };
		78A3FCA018BC736600C25442 /* main.m in Sources */ = {isa = PBXBuildFile; fileRef = 78A3FC9F18BC736600C25442 /* main.m */; };
		78A3FCA418BC736600C25442 /* AppDelegate.m in Sources */ = {isa = PBXBuildFile; fileRef = 78A3FCA318BC736600C25442 /* AppDelegate.m */; };
		78A3FCA718BC736600C25442 /* Main.storyboard in Resources */ = {isa = PBXBuildFile; fileRef = 78A3FCA518BC736600C25442 /* Main.storyboard */; };
		78A3FCAA18BC736600C25442 /* ViewController.m in Sources */ = {isa = PBXBuildFile; fileRef = 78A3FCA918BC736600C25442 /* ViewController.m */; };
		78A3FCAC18BC736600C25442 /* Images.xcassets in Resources */ = {isa = PBXBuildFile; fileRef = 78A3FCAB18BC736600C25442 /* Images.xcassets */; };
		78A3FCB318BC736600C25442 /* XCTest.framework in Frameworks */ = {isa = PBXBuildFile; fileRef = 78A3FCB218BC736600C25442 /* XCTest.framework */; };
		78A3FCB418BC736600C25442 /* Foundation.framework in Frameworks */ = {isa = PBXBuildFile; fileRef = 78A3FC9318BC736600C25442 /* Foundation.framework */; };
		78A3FCB518BC736600C25442 /* UIKit.framework in Frameworks */ = {isa = PBXBuildFile; fileRef = 78A3FC9718BC736600C25442 /* UIKit.framework */; };
		78A3FCBD18BC736600C25442 /* InfoPlist.strings in Resources */ = {isa = PBXBuildFile; fileRef = 78A3FCBB18BC736600C25442 /* InfoPlist.strings */; };
		78A3FCBF18BC736600C25442 /* SimpleCalcTests.m in Sources */ = {isa = PBXBuildFile; fileRef = 78A3FCBE18BC736600C25442 /* SimpleCalcTests.m */; };
/* End PBXBuildFile section */

/* Begin PBXContainerItemProxy section */
		78A3FCB618BC736600C25442 /* PBXContainerItemProxy */ = {
			isa = PBXContainerItemProxy;
			containerPortal = 78A3FC8818BC736500C25442 /* Project object */;
			proxyType = 1;
			remoteGlobalIDString = 78A3FC8F18BC736600C25442;
			remoteInfo = SimpleCalc;
		};
/* End PBXContainerItemProxy section */

/* Begin PBXFileReference section */
		78A3FC9018BC736600C25442 /* SimpleCalc.app */ = {isa = PBXFileReference; explicitFileType = wrapper.application; includeInIndex = 0; path = SimpleCalc.app; sourceTree = BUILT_PRODUCTS_DIR; };
		78A3FC9318BC736600C25442 /* Foundation.framework */ = {isa = PBXFileReference; lastKnownFileType = wrapper.framework; name = Foundation.framework; path = System/Library/Frameworks/Foundation.framework; sourceTree = SDKROOT; };
		78A3FC9518BC736600C25442 /* CoreGraphics.framework */ = {isa = PBXFileReference; lastKnownFileType = wrapper.framework; name = CoreGraphics.framework; path = System/Library/Frameworks/CoreGraphics.framework; sourceTree = SDKROOT; };
		78A3FC9718BC736600C25442 /* UIKit.framework */ = {isa = PBXFileReference; lastKnownFileType = wrapper.framework; name = UIKit.framework; path = System/Library/Frameworks/UIKit.framework; sourceTree = SDKROOT; };
		78A3FC9B18BC736600C25442 /* SimpleCalc-Info.plist */ = {isa = PBXFileReference; lastKnownFileType = text.plist.xml; path = "SimpleCalc-Info.plist"; sourceTree = "<group>"; };
		78A3FC9D18BC736600C25442 /* en */ = {isa = PBXFileReference; lastKnownFileType = text.plist.strings; name = en; path = en.lproj/InfoPlist.strings; sourceTree = "<group>"; };
		78A3FC9F18BC736600C25442 /* main.m */ = {isa = PBXFileReference; lastKnownFileType = sourcecode.c.objc; path = main.m; sourceTree = "<group>"; };
		78A3FCA118BC736600C25442 /* SimpleCalc-Prefix.pch */ = {isa = PBXFileReference; lastKnownFileType = sourcecode.c.h; path = "SimpleCalc-Prefix.pch"; sourceTree = "<group>"; };
		78A3FCA218BC736600C25442 /* AppDelegate.h */ = {isa = PBXFileReference; lastKnownFileType = sourcecode.c.h; path = AppDelegate.h; sourceTree = "<group>"; };
		78A3FCA318BC736600C25442 /* AppDelegate.m */ = {isa = PBXFileReference; lastKnownFileType = sourcecode.c.objc; path = AppDelegate.m; sourceTree = "<group>"; };
		78A3FCA618BC736600C25442 /* Base */ = {isa = PBXFileReference; lastKnownFileType = file.storyboard; name = Base; path = Base.lproj/Main.storyboard; sourceTree = "<group>"; };
		78A3FCA818BC736600C25442 /* ViewController.h */ = {isa = PBXFileReference; lastKnownFileType = sourcecode.c.h; path = ViewController.h; sourceTree = "<group>"; };
		78A3FCA918BC736600C25442 /* ViewController.m */ = {isa = PBXFileReference; lastKnownFileType = sourcecode.c.objc; path = ViewController.m; sourceTree = "<group>"; };
		78A3FCAB18BC736600C25442 /* Images.xcassets */ = {isa = PBXFileReference; lastKnownFileType = folder.assetcatalog; path = Images.xcassets; sourceTree = "<group>"; };
		78A3FCB118BC736600C25442 /* SimpleCalcTests.xctest */ = {isa = PBXFileReference; explicitFileType = wrapper.cfbundle; includeInIndex = 0; path = SimpleCalcTests.xctest; sourceTree = BUILT_PRODUCTS_DIR; };
		78A3FCB218BC736600C25442 /* XCTest.framework */ = {isa = PBXFileReference; lastKnownFileType = wrapper.framework; name = XCTest.framework; path = Library/Frameworks/XCTest.framework; sourceTree = DEVELOPER_DIR; };
		78A3FCBA18BC736600C25442 /* SimpleCalcTests-Info.plist */ = {isa = PBXFileReference; lastKnownFileType = text.plist.xml; path = "SimpleCalcTests-Info.plist"; sourceTree = "<group>"; };
		78A3FCBC18BC736600C25442 /* en */ = {isa = PBXFileReference; lastKnownFileType = text.plist.strings; name = en; path = en.lproj/InfoPlist.strings; sourceTree = "<group>"; };
		78A3FCBE18BC736600C25442 /* SimpleCalcTests.m */ = {isa = PBXFileReference; lastKnownFileType = sourcecode.c.objc; path = SimpleCalcTests.m; sourceTree = "<group>"; };
/* End PBXFileReference section */

/* Begin PBXFrameworksBuildPhase section */
		78A3FC8D18BC736600C25442 /* Frameworks */ = {
			isa = PBXFrameworksBuildPhase;
			buildActionMask = 2147483647;
			files = (
				78A3FC9618BC736600C25442 /* CoreGraphics.framework in Frameworks */,
				78A3FC9818BC736600C25442 /* UIKit.framework in Frameworks */,
				78A3FC9418BC736600C25442 /* Foundation.framework in Frameworks */,
			);
			runOnlyForDeploymentPostprocessing = 0;
		};
		78A3FCAE18BC736600C25442 /* Frameworks */ = {
			isa = PBXFrameworksBuildPhase;
			buildActionMask = 2147483647;
			files = (
				78A3FCB318BC736600C25442 /* XCTest.framework in Frameworks */,
				78A3FCB518BC736600C25442 /* UIKit.framework in Frameworks */,
				78A3FCB418BC736600C25442 /* Foundation.framework in Frameworks */,
			);
			runOnlyForDeploymentPostprocessing = 0;
		};
/* End PBXFrameworksBuildPhase section */

/* Begin PBXGroup section */
		78A3FC8718BC736500C25442 = {
			isa = PBXGroup;
			children = (
				78A3FC9918BC736600C25442 /* SimpleCalc */,
				78A3FCB818BC736600C25442 /* SimpleCalcTests */,
				78A3FC9218BC736600C25442 /* Frameworks */,
				78A3FC9118BC736600C25442 /* Products */,
			);
			sourceTree = "<group>";
		};
		78A3FC9118BC736600C25442 /* Products */ = {
			isa = PBXGroup;
			children = (
				78A3FC9018BC736600C25442 /* SimpleCalc.app */,
				78A3FCB118BC736600C25442 /* SimpleCalcTests.xctest */,
			);
			name = Products;
			sourceTree = "<group>";
		};
		78A3FC9218BC736600C25442 /* Frameworks */ = {
			isa = PBXGroup;
			children = (
				78A3FC9318BC736600C25442 /* Foundation.framework */,
				78A3FC9518BC736600C25442 /* CoreGraphics.framework */,
				78A3FC9718BC736600C25442 /* UIKit.framework */,
				78A3FCB218BC736600C25442 /* XCTest.framework */,
			);
			name = Frameworks;
			sourceTree = "<group>";
		};
		78A3FC9918BC736600C25442 /* SimpleCalc */ = {
			isa = PBXGroup;
			children = (
				78A3FCA218BC736600C25442 /* AppDelegate.h */,
				78A3FCA318BC736600C25442 /* AppDelegate.m */,
				78A3FCA518BC736600C25442 /* Main.storyboard */,
				78A3FCA818BC736600C25442 /* ViewController.h */,
				78A3FCA918BC736600C25442 /* ViewController.m */,
				78A3FCAB18BC736600C25442 /* Images.xcassets */,
				78A3FC9A18BC736600C25442 /* Supporting Files */,
			);
			path = SimpleCalc;
			sourceTree = "<group>";
		};
		78A3FC9A18BC736600C25442 /* Supporting Files */ = {
			isa = PBXGroup;
			children = (
				78A3FC9B18BC736600C25442 /* SimpleCalc-Info.plist */,
				78A3FC9C18BC736600C25442 /* InfoPlist.strings */,
				78A3FC9F18BC736600C25442 /* main.m */,
				78A3FCA118BC736600C25442 /* SimpleCalc-Prefix.pch */,
			);
			name = "Supporting Files";
			sourceTree = "<group>";
		};
		78A3FCB818BC736600C25442 /* SimpleCalcTests */ = {
			isa = PBXGroup;
			children = (
				78A3FCBE18BC736600C25442 /* SimpleCalcTests.m */,
				78A3FCB918BC736600C25442 /* Supporting Files */,
			);
			path = SimpleCalcTests;
			sourceTree = "<group>";
		};
		78A3FCB918BC736600C25442 /* Supporting Files */ = {
			isa = PBXGroup;
			children = (
				78A3FCBA18BC736600C25442 /* SimpleCalcTests-Info.plist */,
				78A3FCBB18BC736600C25442 /* InfoPlist.strings */,
			);
			name = "Supporting Files";
			sourceTree = "<group>";
		};
/* End PBXGroup section */

/* Begin PBXNativeTarget section */
		78A3FC8F18BC736600C25442 /* SimpleCalc */ = {
			isa = PBXNativeTarget;
			buildConfigurationList = 78A3FCC218BC736600C25442 /* Build configuration list for PBXNativeTarget "SimpleCalc" */;
			buildPhases = (
				78A3FC8C18BC736600C25442 /* Sources */,
				78A3FC8D18BC736600C25442 /* Frameworks */,
				78A3FC8E18BC736600C25442 /* Resources */,
			);
			buildRules = (
			);
			dependencies = (
			);
			name = SimpleCalc;
			productName = SimpleCalc;
			productReference = 78A3FC9018BC736600C25442 /* SimpleCalc.app */;
			productType = "com.apple.product-type.application";
		};
		78A3FCB018BC736600C25442 /* SimpleCalcTests */ = {
			isa = PBXNativeTarget;
			buildConfigurationList = 78A3FCC518BC736600C25442 /* Build configuration list for PBXNativeTarget "SimpleCalcTests" */;
			buildPhases = (
				78A3FCAD18BC736600C25442 /* Sources */,
				78A3FCAE18BC736600C25442 /* Frameworks */,
				78A3FCAF18BC736600C25442 /* Resources */,
			);
			buildRules = (
			);
			dependencies = (
				78A3FCB718BC736600C25442 /* PBXTargetDependency */,
			);
			name = SimpleCalcTests;
			productName = SimpleCalcTests;
			productReference = 78A3FCB118BC736600C25442 /* SimpleCalcTests.xctest */;
			productType = "com.apple.product-type.bundle.unit-test";
		};
/* End PBXNativeTarget section */

/* Begin PBXProject section */
		78A3FC8818BC736500C25442 /* Project object */ = {
			isa = PBXProject;
			attributes = {
				LastUpgradeCheck = 0510;
				ORGANIZATIONNAME = "Hajime Maeda";
				TargetAttributes = {
					78A3FCB018BC736600C25442 = {
						TestTargetID = 78A3FC8F18BC736600C25442;
					};
				};
			};
			buildConfigurationList = 78A3FC8B18BC736500C25442 /* Build configuration list for PBXProject "SimpleCalc" */;
			compatibilityVersion = "Xcode 3.2";
			developmentRegion = English;
			hasScannedForEncodings = 0;
			knownRegions = (
				en,
				Base,
			);
			mainGroup = 78A3FC8718BC736500C25442;
			productRefGroup = 78A3FC9118BC736600C25442 /* Products */;
			projectDirPath = "";
			projectRoot = "";
			targets = (
				78A3FC8F18BC736600C25442 /* SimpleCalc */,
				78A3FCB018BC736600C25442 /* SimpleCalcTests */,
			);
		};
/* End PBXProject section */

/* Begin PBXResourcesBuildPhase section */
		78A3FC8E18BC736600C25442 /* Resources */ = {
			isa = PBXResourcesBuildPhase;
			buildActionMask = 2147483647;
			files = (
				78A3FCAC18BC736600C25442 /* Images.xcassets in Resources */,
				78A3FC9E18BC736600C25442 /* InfoPlist.strings in Resources */,
				78A3FCA718BC736600C25442 /* Main.storyboard in Resources */,
			);
			runOnlyForDeploymentPostprocessing = 0;
		};
		78A3FCAF18BC736600C25442 /* Resources */ = {
			isa = PBXResourcesBuildPhase;
			buildActionMask = 2147483647;
			files = (
				78A3FCBD18BC736600C25442 /* InfoPlist.strings in Resources */,
			);
			runOnlyForDeploymentPostprocessing = 0;
		};
/* End PBXResourcesBuildPhase section */

/* Begin PBXSourcesBuildPhase section */
		78A3FC8C18BC736600C25442 /* Sources */ = {
			isa = PBXSourcesBuildPhase;
			buildActionMask = 2147483647;
			files = (
				78A3FCAA18BC736600C25442 /* ViewController.m in Sources */,
				78A3FCA418BC736600C25442 /* AppDelegate.m in Sources */,
				78A3FCA018BC736600C25442 /* main.m in Sources */,
			);
			runOnlyForDeploymentPostprocessing = 0;
		};
		78A3FCAD18BC736600C25442 /* Sources */ = {
			isa = PBXSourcesBuildPhase;
			buildActionMask = 2147483647;
			files = (
				78A3FCBF18BC736600C25442 /* SimpleCalcTests.m in Sources */,
			);
			runOnlyForDeploymentPostprocessing = 0;
		};
/* End PBXSourcesBuildPhase section */

/* Begin PBXTargetDependency section */
		78A3FCB718BC736600C25442 /* PBXTargetDependency */ = {
			isa = PBXTargetDependency;
			target = 78A3FC8F18BC736600C25442 /* SimpleCalc */;
			targetProxy = 78A3FCB618BC736600C25442 /* PBXContainerItemProxy */;
		};
/* End PBXTargetDependency section */

/* Begin PBXVariantGroup section */
		78A3FC9C18BC736600C25442 /* InfoPlist.strings */ = {
			isa = PBXVariantGroup;
			children = (
				78A3FC9D18BC736600C25442 /* en */,
			);
			name = InfoPlist.strings;
			sourceTree = "<group>";
		};
		78A3FCA518BC736600C25442 /* Main.storyboard */ = {
			isa = PBXVariantGroup;
			children = (
				78A3FCA618BC736600C25442 /* Base */,
			);
			name = Main.storyboard;
			sourceTree = "<group>";
		};
		78A3FCBB18BC736600C25442 /* InfoPlist.strings */ = {
			isa = PBXVariantGroup;
			children = (
				78A3FCBC18BC736600C25442 /* en */,
			);
			name = InfoPlist.strings;
			sourceTree = "<group>";
		};
/* End PBXVariantGroup section */

/* Begin XCBuildConfiguration section */
		78A3FCC018BC736600C25442 /* Debug */ = {
			isa = XCBuildConfiguration;
			buildSettings = {
				ALWAYS_SEARCH_USER_PATHS = NO;
				CLANG_CXX_LANGUAGE_STANDARD = "gnu++0x";
				CLANG_CXX_LIBRARY = "libc++";
				CLANG_ENABLE_MODULES = YES;
				CLANG_ENABLE_OBJC_ARC = YES;
				CLANG_WARN_BOOL_CONVERSION = YES;
				CLANG_WARN_CONSTANT_CONVERSION = YES;
				CLANG_WARN_DIRECT_OBJC_ISA_USAGE = YES_ERROR;
				CLANG_WARN_EMPTY_BODY = YES;
				CLANG_WARN_ENUM_CONVERSION = YES;
				CLANG_WARN_INT_CONVERSION = YES;
				CLANG_WARN_OBJC_ROOT_CLASS = YES_ERROR;
				CLANG_WARN__DUPLICATE_METHOD_MATCH = YES;
				"CODE_SIGN_IDENTITY[sdk=iphoneos*]" = "iPhone Developer";
				COPY_PHASE_STRIP = NO;
				GCC_C_LANGUAGE_STANDARD = gnu99;
				GCC_DYNAMIC_NO_PIC = NO;
				GCC_OPTIMIZATION_LEVEL = 0;
				GCC_PREPROCESSOR_DEFINITIONS = (
					"DEBUG=1",
					"$(inherited)",
				);
				GCC_SYMBOLS_PRIVATE_EXTERN = NO;
				GCC_WARN_64_TO_32_BIT_CONVERSION = YES;
				GCC_WARN_ABOUT_RETURN_TYPE = YES_ERROR;
				GCC_WARN_UNDECLARED_SELECTOR = YES;
				GCC_WARN_UNINITIALIZED_AUTOS = YES;
				GCC_WARN_UNUSED_FUNCTION = YES;
				GCC_WARN_UNUSED_VARIABLE = YES;
				IPHONEOS_DEPLOYMENT_TARGET = 7.0;
				ONLY_ACTIVE_ARCH = YES;
				SDKROOT = iphoneos;
			};
			name = Debug;
		};
		78A3FCC118BC736600C25442 /* Release */ = {
			isa = XCBuildConfiguration;
			buildSettings = {
				ALWAYS_SEARCH_USER_PATHS = NO;
				CLANG_CXX_LANGUAGE_STANDARD = "gnu++0x";
				CLANG_CXX_LIBRARY = "libc++";
				CLANG_ENABLE_MODULES = YES;
				CLANG_ENABLE_OBJC_ARC = YES;
				CLANG_WARN_BOOL_CONVERSION = YES;
				CLANG_WARN_CONSTANT_CONVERSION = YES;
				CLANG_WARN_DIRECT_OBJC_ISA_USAGE = YES_ERROR;
				CLANG_WARN_EMPTY_BODY = YES;
				CLANG_WARN_ENUM_CONVERSION = YES;
				CLANG_WARN_INT_CONVERSION = YES;
				CLANG_WARN_OBJC_ROOT_CLASS = YES_ERROR;
				CLANG_WARN__DUPLICATE_METHOD_MATCH = YES;
				"CODE_SIGN_IDENTITY[sdk=iphoneos*]" = "iPhone Developer";
				COPY_PHASE_STRIP = YES;
				ENABLE_NS_ASSERTIONS = NO;
				GCC_C_LANGUAGE_STANDARD = gnu99;
				GCC_WARN_64_TO_32_BIT_CONVERSION = YES;
				GCC_WARN_ABOUT_RETURN_TYPE = YES_ERROR;
				GCC_WARN_UNDECLARED_SELECTOR = YES;
				GCC_WARN_UNINITIALIZED_AUTOS = YES;
				GCC_WARN_UNUSED_FUNCTION = YES;
				GCC_WARN_UNUSED_VARIABLE = YES;
				IPHONEOS_DEPLOYMENT_TARGET = 7.0;
				SDKROOT = iphoneos;
				VALIDATE_PRODUCT = YES;
			};
			name = Release;
		};
		78A3FCC318BC736600C25442 /* Debug */ = {
			isa = XCBuildConfiguration;
			buildSettings = {
				ASSETCATALOG_COMPILER_APPICON_NAME = AppIcon;
				ASSETCATALOG_COMPILER_LAUNCHIMAGE_NAME = LaunchImage;
				GCC_PRECOMPILE_PREFIX_HEADER = YES;
				GCC_PREFIX_HEADER = "SimpleCalc/SimpleCalc-Prefix.pch";
				INFOPLIST_FILE = "SimpleCalc/SimpleCalc-Info.plist";
				PRODUCT_NAME = "$(TARGET_NAME)";
				WRAPPER_EXTENSION = app;
			};
			name = Debug;
		};
		78A3FCC418BC736600C25442 /* Release */ = {
			isa = XCBuildConfiguration;
			buildSettings = {
				ASSETCATALOG_COMPILER_APPICON_NAME = AppIcon;
				ASSETCATALOG_COMPILER_LAUNCHIMAGE_NAME = LaunchImage;
				GCC_PRECOMPILE_PREFIX_HEADER = YES;
				GCC_PREFIX_HEADER = "SimpleCalc/SimpleCalc-Prefix.pch";
				INFOPLIST_FILE = "SimpleCalc/SimpleCalc-Info.plist";
				PRODUCT_NAME = "$(TARGET_NAME)";
				WRAPPER_EXTENSION = app;
			};
			name = Release;
		};
		78A3FCC618BC736600C25442 /* Debug */ = {
			isa = XCBuildConfiguration;
			buildSettings = {
				BUNDLE_LOADER = "$(BUILT_PRODUCTS_DIR)/SimpleCalc.app/SimpleCalc";
				FRAMEWORK_SEARCH_PATHS = (
					"$(SDKROOT)/Developer/Library/Frameworks",
					"$(inherited)",
					"$(DEVELOPER_FRAMEWORKS_DIR)",
				);
				GCC_PRECOMPILE_PREFIX_HEADER = YES;
				GCC_PREFIX_HEADER = "SimpleCalc/SimpleCalc-Prefix.pch";
				GCC_PREPROCESSOR_DEFINITIONS = (
					"DEBUG=1",
					"$(inherited)",
				);
				INFOPLIST_FILE = "SimpleCalcTests/SimpleCalcTests-Info.plist";
				PRODUCT_NAME = "$(TARGET_NAME)";
				TEST_HOST = "$(BUNDLE_LOADER)";
				WRAPPER_EXTENSION = xctest;
			};
			name = Debug;
		};
		78A3FCC718BC736600C25442 /* Release */ = {
			isa = XCBuildConfiguration;
			buildSettings = {
				BUNDLE_LOADER = "$(BUILT_PRODUCTS_DIR)/SimpleCalc.app/SimpleCalc";
				FRAMEWORK_SEARCH_PATHS = (
					"$(SDKROOT)/Developer/Library/Frameworks",
					"$(inherited)",
					"$(DEVELOPER_FRAMEWORKS_DIR)",
				);
				GCC_PRECOMPILE_PREFIX_HEADER = YES;
				GCC_PREFIX_HEADER = "SimpleCalc/SimpleCalc-Prefix.pch";
				INFOPLIST_FILE = "SimpleCalcTests/SimpleCalcTests-Info.plist";
				PRODUCT_NAME = "$(TARGET_NAME)";
				TEST_HOST = "$(BUNDLE_LOADER)";
				WRAPPER_EXTENSION = xctest;
			};
			name = Release;
		};
/* End XCBuildConfiguration section */

/* Begin XCConfigurationList section */
		78A3FC8B18BC736500C25442 /* Build configuration list for PBXProject "SimpleCalc" */ = {
			isa = XCConfigurationList;
			buildConfigurations = (
				78A3FCC018BC736600C25442 /* Debug */,
				78A3FCC118BC736600C25442 /* Release */,
			);
			defaultConfigurationIsVisible = 0;
			defaultConfigurationName = Release;
		};
		78A3FCC218BC736600C25442 /* Build configuration list for PBXNativeTarget "SimpleCalc" */ = {
			isa = XCConfigurationList;
			buildConfigurations = (
				78A3FCC318BC736600C25442 /* Debug */,
				78A3FCC418BC736600C25442 /* Release */,
			);
			defaultConfigurationIsVisible = 0;
			defaultConfigurationName = Release;
		};
		78A3FCC518BC736600C25442 /* Build configuration list for PBXNativeTarget "SimpleCalcTests" */ = {
			isa = XCConfigurationList;
			buildConfigurations = (
				78A3FCC618BC736600C25442 /* Debug */,
				78A3FCC718BC736600C25442 /* Release */,
			);
			defaultConfigurationIsVisible = 0;
			defaultConfigurationName = Release;
		};
/* End XCConfigurationList section */
	};
	rootObject = 78A3FC8818BC736500C25442 /* Project object */;
}
